
Microsoft Visual Studio Solution File, Format Version 12.00
# Visual Studio 2012
Project("{FAE04EC0-301F-11D3-BF4B-00C04F79EFBC}") = "WebApplication1", "WebApplication1\WebApplication1.csproj", "{D5B0670C-049F-426C-A931-E57FF3D8324A}"
EndProject
Project("{FAE04EC0-301F-11D3-BF4B-00C04F79EFBC}") = "Unit.Tests", "Unit.Tests\Unit.Tests.csproj", "{851AA38C-6140-4B5E-BC61-932E44413EBC}"
EndProject
Global
	GlobalSection(SolutionConfigurationPlatforms) = preSolution
		Debug|Any CPU = Debug|Any CPU
		Release|Any CPU = Release|Any CPU
	EndGlobalSection
	GlobalSection(ProjectConfigurationPlatforms) = postSolution
		{D5B0670C-049F-426C-A931-E57FF3D8324A}.Debug|Any CPU.ActiveCfg = Debug|Any CPU
		{D5B0670C-049F-426C-A931-E57FF3D8324A}.Debug|Any CPU.Build.0 = Debug|Any CPU
		{D5B0670C-049F-426C-A931-E57FF3D8324A}.Release|Any CPU.ActiveCfg = Release|Any CPU
		{D5B0670C-049F-426C-A931-E57FF3D8324A}.Release|Any CPU.Build.0 = Release|Any CPU
		{851AA38C-6140-4B5E-BC61-932E44413EBC}.Debug|Any CPU.ActiveCfg = Debug|Any CPU
		{851AA38C-6140-4B5E-BC61-932E44413EBC}.Debug|Any CPU.Build.0 = Debug|Any CPU
		{851AA38C-6140-4B5E-BC61-932E44413EBC}.Release|Any CPU.ActiveCfg = Release|Any CPU
		{851AA38C-6140-4B5E-BC61-932E44413EBC}.Release|Any CPU.Build.0 = Release|Any CPU
	EndGlobalSection
	GlobalSection(SolutionProperties) = preSolution
		HideSolutionNode = FALSE
	EndGlobalSection
EndGlobal
